// !$*UTF8*$!
{
	archiveVersion = 1;
	classes = {
	};
	objectVersion = 46;
	objects = {

/* Begin PBXBuildFile section */
		69BFC8701BAF4E5A008AEA2C /* AppDelegate.swift in Sources */ = {isa = PBXBuildFile; fileRef = 69BFC86F1BAF4E5A008AEA2C /* AppDelegate.swift */; };
		69BFC8721BAF4E5A008AEA2C /* ViewController.swift in Sources */ = {isa = PBXBuildFile; fileRef = 69BFC8711BAF4E5A008AEA2C /* ViewController.swift */; };
		69BFC8751BAF4E5A008AEA2C /* Main.storyboard in Resources */ = {isa = PBXBuildFile; fileRef = 69BFC8731BAF4E5A008AEA2C /* Main.storyboard */; };
		69BFC8771BAF4E5A008AEA2C /* Assets.xcassets in Resources */ = {isa = PBXBuildFile; fileRef = 69BFC8761BAF4E5A008AEA2C /* Assets.xcassets */; };
		69BFC87A1BAF4E5A008AEA2C /* LaunchScreen.storyboard in Resources */ = {isa = PBXBuildFile; fileRef = 69BFC8781BAF4E5A008AEA2C /* LaunchScreen.storyboard */; };
/* End PBXBuildFile section */

/* Begin PBXFileReference section */
		69BFC86C1BAF4E5A008AEA2C /* meme-me-editor-project-1.app */ = {isa = PBXFileReference; explicitFileType = wrapper.application; includeInIndex = 0; path = "meme-me-editor-project-1.app"; sourceTree = BUILT_PRODUCTS_DIR; };
		69BFC86F1BAF4E5A008AEA2C /* AppDelegate.swift */ = {isa = PBXFileReference; lastKnownFileType = sourcecode.swift; path = AppDelegate.swift; sourceTree = "<group>"; };
		69BFC8711BAF4E5A008AEA2C /* ViewController.swift */ = {isa = PBXFileReference; lastKnownFileType = sourcecode.swift; path = ViewController.swift; sourceTree = "<group>"; };
		69BFC8741BAF4E5A008AEA2C /* Base */ = {isa = PBXFileReference; lastKnownFileType = file.storyboard; name = Base; path = Base.lproj/Main.storyboard; sourceTree = "<group>"; };
		69BFC8761BAF4E5A008AEA2C /* Assets.xcassets */ = {isa = PBXFileReference; lastKnownFileType = folder.assetcatalog; path = Assets.xcassets; sourceTree = "<group>"; };
		69BFC8791BAF4E5A008AEA2C /* Base */ = {isa = PBXFileReference; lastKnownFileType = file.storyboard; name = Base; path = Base.lproj/LaunchScreen.storyboard; sourceTree = "<group>"; };
		69BFC87B1BAF4E5A008AEA2C /* Info.plist */ = {isa = PBXFileReference; lastKnownFileType = text.plist.xml; path = Info.plist; sourceTree = "<group>"; };
/* End PBXFileReference section */

/* Begin PBXFrameworksBuildPhase section */
		69BFC8691BAF4E5A008AEA2C /* Frameworks */ = {
			isa = PBXFrameworksBuildPhase;
			buildActionMask = 2147483647;
			files = (
			);
			runOnlyForDeploymentPostprocessing = 0;
		};
/* End PBXFrameworksBuildPhase section */

/* Begin PBXGroup section */
		69BFC8631BAF4E5A008AEA2C = {
			isa = PBXGroup;
			children = (
				69BFC86E1BAF4E5A008AEA2C /* meme-me-editor-project-1 */,
				69BFC86D1BAF4E5A008AEA2C /* Products */,
			);
			sourceTree = "<group>";
		};
		69BFC86D1BAF4E5A008AEA2C /* Products */ = {
			isa = PBXGroup;
			children = (
				69BFC86C1BAF4E5A008AEA2C /* meme-me-editor-project-1.app */,
			);
			name = Products;
			sourceTree = "<group>";
		};
		69BFC86E1BAF4E5A008AEA2C /* meme-me-editor-project-1 */ = {
			isa = PBXGroup;
			children = (
				69BFC86F1BAF4E5A008AEA2C /* AppDelegate.swift */,
				69BFC8711BAF4E5A008AEA2C /* ViewController.swift */,
				69BFC8731BAF4E5A008AEA2C /* Main.storyboard */,
				69BFC8761BAF4E5A008AEA2C /* Assets.xcassets */,
				69BFC8781BAF4E5A008AEA2C /* LaunchScreen.storyboard */,
				69BFC87B1BAF4E5A008AEA2C /* Info.plist */,
			);
			path = "meme-me-editor-project-1";
			sourceTree = "<group>";
		};
/* End PBXGroup section */

/* Begin PBXNativeTarget section */
		69BFC86B1BAF4E5A008AEA2C /* meme-me-editor-project-1 */ = {
			isa = PBXNativeTarget;
			buildConfigurationList = 69BFC87E1BAF4E5A008AEA2C /* Build configuration list for PBXNativeTarget "meme-me-editor-project-1" */;
			buildPhases = (
				69BFC8681BAF4E5A008AEA2C /* Sources */,
				69BFC8691BAF4E5A008AEA2C /* Frameworks */,
				69BFC86A1BAF4E5A008AEA2C /* Resources */,
			);
			buildRules = (
			);
			dependencies = (
			);
			name = "meme-me-editor-project-1";
			productName = "meme-me-editor-project-1";
			productReference = 69BFC86C1BAF4E5A008AEA2C /* meme-me-editor-project-1.app */;
			productType = "com.apple.product-type.application";
		};
/* End PBXNativeTarget section */

/* Begin PBXProject section */
		69BFC8641BAF4E5A008AEA2C /* Project object */ = {
			isa = PBXProject;
			attributes = {
				LastUpgradeCheck = 0700;
				ORGANIZATIONNAME = "Trevor Adams";
				TargetAttributes = {
					69BFC86B1BAF4E5A008AEA2C = {
						CreatedOnToolsVersion = 7.0;
						DevelopmentTeam = 57FCHP4WED;
					};
				};
			};
			buildConfigurationList = 69BFC8671BAF4E5A008AEA2C /* Build configuration list for PBXProject "meme-me-editor-project-1" */;
			compatibilityVersion = "Xcode 3.2";
			developmentRegion = English;
			hasScannedForEncodings = 0;
			knownRegions = (
				en,
				Base,
			);
			mainGroup = 69BFC8631BAF4E5A008AEA2C;
			productRefGroup = 69BFC86D1BAF4E5A008AEA2C /* Products */;
			projectDirPath = "";
			projectRoot = "";
			targets = (
				69BFC86B1BAF4E5A008AEA2C /* meme-me-editor-project-1 */,
			);
		};
/* End PBXProject section */

/* Begin PBXResourcesBuildPhase section */
		69BFC86A1BAF4E5A008AEA2C /* Resources */ = {
			isa = PBXResourcesBuildPhase;
			buildActionMask = 2147483647;
			files = (
				69BFC87A1BAF4E5A008AEA2C /* LaunchScreen.storyboard in Resources */,
				69BFC8771BAF4E5A008AEA2C /* Assets.xcassets in Resources */,
				69BFC8751BAF4E5A008AEA2C /* Main.storyboard in Resources */,
			);
			runOnlyForDeploymentPostprocessing = 0;
		};
/* End PBXResourcesBuildPhase section */

/* Begin PBXSourcesBuildPhase section */
		69BFC8681BAF4E5A008AEA2C /* Sources */ = {
			isa = PBXSourcesBuildPhase;
			buildActionMask = 2147483647;
			files = (
				69BFC8721BAF4E5A008AEA2C /* ViewController.swift in Sources */,
				69BFC8701BAF4E5A008AEA2C /* AppDelegate.swift in Sources */,
			);
			runOnlyForDeploymentPostprocessing = 0;
		};
/* End PBXSourcesBuildPhase section */

/* Begin PBXVariantGroup section */
		69BFC8731BAF4E5A008AEA2C /* Main.storyboard */ = {
			isa = PBXVariantGroup;
			children = (
				69BFC8741BAF4E5A008AEA2C /* Base */,
			);
			name = Main.storyboard;
			sourceTree = "<group>";
		};
		69BFC8781BAF4E5A008AEA2C /* LaunchScreen.storyboard */ = {
			isa = PBXVariantGroup;
			children = (
				69BFC8791BAF4E5A008AEA2C /* Base */,
			);
			name = LaunchScreen.storyboard;
			sourceTree = "<group>";
		};
/* End PBXVariantGroup section */

/* Begin XCBuildConfiguration section */
		69BFC87C1BAF4E5A008AEA2C /* Debug */ = {
			isa = XCBuildConfiguration;
			buildSettings = {
				ALWAYS_SEARCH_USER_PATHS = NO;
				CLANG_CXX_LANGUAGE_STANDARD = "gnu++0x";
				CLANG_CXX_LIBRARY = "libc++";
				CLANG_ENABLE_MODULES = YES;
				CLANG_ENABLE_OBJC_ARC = YES;
				CLANG_WARN_BOOL_CONVERSION = YES;
				CLANG_WARN_CONSTANT_CONVERSION = YES;
				CLANG_WARN_DIRECT_OBJC_ISA_USAGE = YES_ERROR;
				CLANG_WARN_EMPTY_BODY = YES;
				CLANG_WARN_ENUM_CONVERSION = YES;
				CLANG_WARN_INT_CONVERSION = YES;
				CLANG_WARN_OBJC_ROOT_CLASS = YES_ERROR;
				CLANG_WARN_UNREACHABLE_CODE = YES;
				CLANG_WARN__DUPLICATE_METHOD_MATCH = YES;
				"CODE_SIGN_IDENTITY[sdk=iphoneos*]" = "iPhone Developer";
				COPY_PHASE_STRIP = NO;
				DEBUG_INFORMATION_FORMAT = dwarf;
				ENABLE_STRICT_OBJC_MSGSEND = YES;
				ENABLE_TESTABILITY = YES;
				GCC_C_LANGUAGE_STANDARD = gnu99;
				GCC_DYNAMIC_NO_PIC = NO;
				GCC_NO_COMMON_BLOCKS = YES;
				GCC_OPTIMIZATION_LEVEL = 0;
				GCC_PREPROCESSOR_DEFINITIONS = (
					"DEBUG=1",
					"$(inherited)",
				);
				GCC_WARN_64_TO_32_BIT_CONVERSION = YES;
				GCC_WARN_ABOUT_RETURN_TYPE = YES_ERROR;
				GCC_WARN_UNDECLARED_SELECTOR = YES;
				GCC_WARN_UNINITIALIZED_AUTOS = YES_AGGRESSIVE;
				GCC_WARN_UNUSED_FUNCTION = YES;
				GCC_WARN_UNUSED_VARIABLE = YES;
				IPHONEOS_DEPLOYMENT_TARGET = 9.0;
				MTL_ENABLE_DEBUG_INFO = YES;
				ONLY_ACTIVE_ARCH = YES;
				SDKROOT = iphoneos;
				SWIFT_OPTIMIZATION_LEVEL = "-Onone";
			};
			name = Debug;
		};
		69BFC87D1BAF4E5A008AEA2C /* Release */ = {
			isa = XCBuildConfiguration;
			buildSettings = {
				ALWAYS_SEARCH_USER_PATHS = NO;
				CLANG_CXX_LANGUAGE_STANDARD = "gnu++0x";
				CLANG_CXX_LIBRARY = "libc++";
				CLANG_ENABLE_MODULES = YES;
				CLANG_ENABLE_OBJC_ARC = YES;
				CLANG_WARN_BOOL_CONVERSION = YES;
				CLANG_WARN_CONSTANT_CONVERSION = YES;
				CLANG_WARN_DIRECT_OBJC_ISA_USAGE = YES_ERROR;
				CLANG_WARN_EMPTY_BODY = YES;
				CLANG_WARN_ENUM_CONVERSION = YES;
				CLANG_WARN_INT_CONVERSION = YES;
				CLANG_WARN_OBJC_ROOT_CLASS = YES_ERROR;
				CLANG_WARN_UNREACHABLE_CODE = YES;
				CLANG_WARN__DUPLICATE_METHOD_MATCH = YES;
				"CODE_SIGN_IDENTITY[sdk=iphoneos*]" = "iPhone Developer";
				COPY_PHASE_STRIP = NO;
				DEBUG_INFORMATION_FORMAT = "dwarf-with-dsym";
				ENABLE_NS_ASSERTIONS = NO;
				ENABLE_STRICT_OBJC_MSGSEND = YES;
				GCC_C_LANGUAGE_STANDARD = gnu99;
				GCC_NO_COMMON_BLOCKS = YES;
				GCC_WARN_64_TO_32_BIT_CONVERSION = YES;
				GCC_WARN_ABOUT_RETURN_TYPE = YES_ERROR;
				GCC_WARN_UNDECLARED_SELECTOR = YES;
				GCC_WARN_UNINITIALIZED_AUTOS = YES_AGGRESSIVE;
				GCC_WARN_UNUSED_FUNCTION = YES;
				GCC_WARN_UNUSED_VARIABLE = YES;
				IPHONEOS_DEPLOYMENT_TARGET = 9.0;
				MTL_ENABLE_DEBUG_INFO = NO;
				SDKROOT = iphoneos;
				VALIDATE_PRODUCT = YES;
			};
			name = Release;
		};
		69BFC87F1BAF4E5A008AEA2C /* Debug */ = {
			isa = XCBuildConfiguration;
			buildSettings = {
				ASSETCATALOG_COMPILER_APPICON_NAME = AppIcon;
				INFOPLIST_FILE = "meme-me-editor-project-1/Info.plist";
				LD_RUNPATH_SEARCH_PATHS = "$(inherited) @executable_path/Frameworks";
				PRODUCT_BUNDLE_IDENTIFIER = "uk.co.trevweb.meme-me-editor-project-1";
				PRODUCT_NAME = "$(TARGET_NAME)";
			};
			name = Debug;
		};
		69BFC8801BAF4E5A008AEA2C /* Release */ = {
			isa = XCBuildConfiguration;
			buildSettings = {
				ASSETCATALOG_COMPILER_APPICON_NAME = AppIcon;
				INFOPLIST_FILE = "meme-me-editor-project-1/Info.plist";
				LD_RUNPATH_SEARCH_PATHS = "$(inherited) @executable_path/Frameworks";
				PRODUCT_BUNDLE_IDENTIFIER = "uk.co.trevweb.meme-me-editor-project-1";
				PRODUCT_NAME = "$(TARGET_NAME)";
			};
			name = Release;
		};
/* End XCBuildConfiguration section */

/* Begin XCConfigurationList section */
		69BFC8671BAF4E5A008AEA2C /* Build configuration list for PBXProject "meme-me-editor-project-1" */ = {
			isa = XCConfigurationList;
			buildConfigurations = (
				69BFC87C1BAF4E5A008AEA2C /* Debug */,
				69BFC87D1BAF4E5A008AEA2C /* Release */,
			);
			defaultConfigurationIsVisible = 0;
			defaultConfigurationName = Release;
		};
		69BFC87E1BAF4E5A008AEA2C /* Build configuration list for PBXNativeTarget "meme-me-editor-project-1" */ = {
			isa = XCConfigurationList;
			buildConfigurations = (
				69BFC87F1BAF4E5A008AEA2C /* Debug */,
				69BFC8801BAF4E5A008AEA2C /* Release */,
			);
			defaultConfigurationIsVisible = 0;
		};
/* End XCConfigurationList section */
	};
	rootObject = 69BFC8641BAF4E5A008AEA2C /* Project object */;
}
